<?xml version="1.0" encoding="utf-8"?>
<Project ToolsVersion="4.0" xmlns="http://schemas.microsoft.com/developer/msbuild/2003">
  <ItemGroup>
    <Filter Include="Source Files">
      <UniqueIdentifier>{4FC737F1-C7A5-4376-A066-2A32D752A2FF}</UniqueIdentifier>
      <Extensions>cpp;c;cc;cxx;def;odl;idl;hpj;bat;asm;asmx</Extensions>
    </Filter>
    <Filter Include="Header Files">
      <UniqueIdentifier>{e3364a5d-5b97-4446-aade-a574ceb2251c}</UniqueIdentifier>
    </Filter>
    <Filter Include="Resource Files">
      <UniqueIdentifier>{67DA6AB6-F800-4c08-8B7A-83BB121AAD01}</UniqueIdentifier>
      <Extensions>rc;ico;cur;bmp;dlg;rc2;rct;bin;rgs;gif;jpg;jpeg;jpe;resx;tiff;tif;png;wav</Extensions>
    </Filter>
  </ItemGroup>
  <ItemGroup>
    <ClCompile Include="api.c">
      <Filter>Source Files</Filter>
    </ClCompile>
    <ClCompile Include="crypto.c">
      <Filter>Source Files</Filter>
    </ClCompile>
    <ClCompile Include="file.c">
      <Filter>Source Files</Filter>
    </ClCompile>
    <ClCompile Include="hde32.c">
      <Filter>Source Files</Filter>
    </ClCompile>
    <ClCompile Include="hooking.c">
      <Filter>Source Files</Filter>
    </ClCompile>
    <ClCompile Include="httptools.c">
      <Filter>Source Files</Filter>
    </ClCompile>
    <ClCompile Include="inject.c">
      <Filter>Source Files</Filter>
    </ClCompile>
    <ClCompile Include="mem.c">
      <Filter>Source Files</Filter>
    </ClCompile>
    <ClCompile Include="registry.c">
      <Filter>Source Files</Filter>
    </ClCompile>
    <ClCompile Include="socket.c">
      <Filter>Source Files</Filter>
    </ClCompile>
    <ClCompile Include="string.c">
      <Filter>Source Files</Filter>
    </ClCompile>
    <ClCompile Include="tcp_server.c">
      <Filter>Source Files</Filter>
    </ClCompile>
    <ClCompile Include="thread.c">
      <Filter>Source Files</Filter>
    </ClCompile>
    <ClCompile Include="utils.c">
      <Filter>Source Files</Filter>
    </ClCompile>
  </ItemGroup>
  <ItemGroup>
    <ClInclude Include="advapi32_functions.h">
      <Filter>Header Files</Filter>
    </ClInclude>
    <ClInclude Include="advapi32_hash.h">
      <Filter>Header Files</Filter>
    </ClInclude>
    <ClInclude Include="api.h">
      <Filter>Header Files</Filter>
    </ClInclude>
    <ClInclude Include="api_structs.h">
      <Filter>Header Files</Filter>
    </ClInclude>
    <ClInclude Include="api_typedefs.h">
      <Filter>Header Files</Filter>
    </ClInclude>
    <ClInclude Include="bot_structs.h">
      <Filter>Header Files</Filter>
    </ClInclude>
    <ClInclude Include="crypto.h">
      <Filter>Header Files</Filter>
    </ClInclude>
    <ClInclude Include="file.h">
      <Filter>Header Files</Filter>
    </ClInclude>
    <ClInclude Include="hde32.h">
      <Filter>Header Files</Filter>
    </ClInclude>
    <ClInclude Include="hooking.h">
      <Filter>Header Files</Filter>
    </ClInclude>
    <ClInclude Include="httptools.h">
      <Filter>Header Files</Filter>
    </ClInclude>
    <ClInclude Include="inject.h">
      <Filter>Header Files</Filter>
    </ClInclude>
    <ClInclude Include="kernel32_functions.h">
      <Filter>Header Files</Filter>
    </ClInclude>
    <ClInclude Include="kernel32_hash.h">
      <Filter>Header Files</Filter>
    </ClInclude>
    <ClInclude Include="mem.h">
      <Filter>Header Files</Filter>
    </ClInclude>
    <ClInclude Include="ntdll_functions.h">
      <Filter>Header Files</Filter>
    </ClInclude>
    <ClInclude Include="ntdll_hash.h">
      <Filter>Header Files</Filter>
    </ClInclude>
    <ClInclude Include="ntheader.h">
      <Filter>Header Files</Filter>
    </ClInclude>
    <ClInclude Include="registry.h">
      <Filter>Header Files</Filter>
    </ClInclude>
    <ClInclude Include="shell32_functions.h">
      <Filter>Header Files</Filter>
    </ClInclude>
    <ClInclude Include="shell32_hash.h">
      <Filter>Header Files</Filter>
    </ClInclude>
    <ClInclude Include="shlwapi_functions.h">
      <Filter>Header Files</Filter>
    </ClInclude>
    <ClInclude Include="shlwapi_hash.h">
      <Filter>Header Files</Filter>
    </ClInclude>
    <ClInclude Include="socket.h">
      <Filter>Header Files</Filter>
    </ClInclude>
    <ClInclude Include="stdint.h">
      <Filter>Header Files</Filter>
    </ClInclude>
    <ClInclude Include="string.h">
      <Filter>Header Files</Filter>
    </ClInclude>
    <ClInclude Include="table32.h">
      <Filter>Header Files</Filter>
    </ClInclude>
    <ClInclude Include="tcp_server.h">
      <Filter>Header Files</Filter>
    </ClInclude>
    <ClInclude Include="thread.h">
      <Filter>Header Files</Filter>
    </ClInclude>
    <ClInclude Include="urlmon_functions.h">
      <Filter>Header Files</Filter>
    </ClInclude>
    <ClInclude Include="urlmon_hash.h">
      <Filter>Header Files</Filter>
    </ClInclude>
    <ClInclude Include="user32_functions.h">
      <Filter>Header Files</Filter>
    </ClInclude>
    <ClInclude Include="user32_hash.h">
      <Filter>Header Files</Filter>
    </ClInclude>
    <ClInclude Include="utils.h">
      <Filter>Header Files</Filter>
    </ClInclude>
    <ClInclude Include="utils_typedefs.h">
      <Filter>Header Files</Filter>
    </ClInclude>
    <ClInclude Include="wininet_functions.h">
      <Filter>Header Files</Filter>
    </ClInclude>
    <ClInclude Include="wininet_hash.h">
      <Filter>Header Files</Filter>
    </ClInclude>
    <ClInclude Include="winsock_functions.h">
      <Filter>Header Files</Filter>
    </ClInclude>
    <ClInclude Include="winsock_hash.h">
      <Filter>Header Files</Filter>
    </ClInclude>
  </ItemGroup>
</Project>